
Microsoft Visual Studio Solution File, Format Version 12.00
# Visual Studio Version 17
VisualStudioVersion = 17.14.36301.6 d17.14
MinimumVisualStudioVersion = 10.0.40219.1
Project("{FAE04EC0-301F-11D3-BF4B-00C04F79EFBC}") = "UnimedBackend", "UnimedBackend.csproj", "{5115F9F1-810D-493A-B1A3-3AC7E3A3B8EC}"
EndProject
Project("{FAE04EC0-301F-11D3-BF4B-00C04F79EFBC}") = "UnimedBackend.Tests", "..\UnimedBackend.Tests\UnimedBackend.Tests.csproj", "{F184ED79-8C1C-45F7-A75C-2839B1983C69}"
EndProject
Global
	GlobalSection(SolutionConfigurationPlatforms) = preSolution
		Debug|Any CPU = Debug|Any CPU
		Release|Any CPU = Release|Any CPU
	EndGlobalSection
	GlobalSection(ProjectConfigurationPlatforms) = postSolution
		{5115F9F1-810D-493A-B1A3-3AC7E3A3B8EC}.Debug|Any CPU.ActiveCfg = Debug|Any CPU
		{5115F9F1-810D-493A-B1A3-3AC7E3A3B8EC}.Debug|Any CPU.Build.0 = Debug|Any CPU
		{5115F9F1-810D-493A-B1A3-3AC7E3A3B8EC}.Release|Any CPU.ActiveCfg = Release|Any CPU
		{5115F9F1-810D-493A-B1A3-3AC7E3A3B8EC}.Release|Any CPU.Build.0 = Release|Any CPU
		{F184ED79-8C1C-45F7-A75C-2839B1983C69}.Debug|Any CPU.ActiveCfg = Debug|Any CPU
		{F184ED79-8C1C-45F7-A75C-2839B1983C69}.Debug|Any CPU.Build.0 = Debug|Any CPU
		{F184ED79-8C1C-45F7-A75C-2839B1983C69}.Release|Any CPU.ActiveCfg = Release|Any CPU
		{F184ED79-8C1C-45F7-A75C-2839B1983C69}.Release|Any CPU.Build.0 = Release|Any CPU
	EndGlobalSection
	GlobalSection(SolutionProperties) = preSolution
		HideSolutionNode = FALSE
	EndGlobalSection
	GlobalSection(ExtensibilityGlobals) = postSolution
		SolutionGuid = {BA706DD9-F752-404C-8DE5-4E59172621F5}
	EndGlobalSection
EndGlobal
